<?xml version="1.0" encoding="utf-8"?>
<Project ToolsVersion="4.0" xmlns="http://schemas.microsoft.com/developer/msbuild/2003">
  <ItemGroup>
    <Filter Include="Source Files">
      <UniqueIdentifier>{4FC737F1-C7A5-4376-A066-2A32D752A2FF}</UniqueIdentifier>
      <Extensions>cpp;c;cc;cxx;c++;cppm;ixx;def;odl;idl;hpj;bat;asm;asmx</Extensions>
    </Filter>
    <Filter Include="Header Files">
      <UniqueIdentifier>{93995380-89BD-4b04-88EB-625FBE52EBFB}</UniqueIdentifier>
      <Extensions>h;hh;hpp;hxx;h++;hm;inl;inc;ipp;xsd</Extensions>
    </Filter>
    <Filter Include="Resource Files">
      <UniqueIdentifier>{67DA6AB6-F800-4c08-8B7A-83BB121AAD01}</UniqueIdentifier>
      <Extensions>rc;ico;cur;bmp;dlg;rc2;rct;bin;rgs;gif;jpg;jpeg;jpe;resx;tiff;tif;png;wav;mfcribbon-ms</Extensions>
    </Filter>
    <Filter Include="Header Files\utility">
      <UniqueIdentifier>{77d0ea86-47c4-4a4c-9d54-978d40bae272}</UniqueIdentifier>
    </Filter>
    <Filter Include="Header Files\resources">
      <UniqueIdentifier>{5d23bad8-ecdb-415a-a4f9-307936e13659}</UniqueIdentifier>
    </Filter>
    <Filter Include="Header Files\display">
      <UniqueIdentifier>{7584d3b2-3cec-4d17-81c3-1d807091b732}</UniqueIdentifier>
    </Filter>
    <Filter Include="Source Files\display">
      <UniqueIdentifier>{e10fecef-cad2-4db1-88ea-08adfa573e5a}</UniqueIdentifier>
    </Filter>
    <Filter Include="Source Files\resources">
      <UniqueIdentifier>{3ac5044a-7423-468a-a71d-49b52e89d46d}</UniqueIdentifier>
    </Filter>
    <Filter Include="Source Files\utility">
      <UniqueIdentifier>{871ddff4-d485-435b-8bb1-25df8d72c298}</UniqueIdentifier>
    </Filter>
    <Filter Include="Header Files\entities">
      <UniqueIdentifier>{bc1d33e6-2a62-43fe-b713-9ea4571a44bc}</UniqueIdentifier>
    </Filter>
    <Filter Include="Header Files\utility\maths">
      <UniqueIdentifier>{497ca268-03d9-46a4-8a9a-0e992333657a}</UniqueIdentifier>
    </Filter>
    <Filter Include="Source Files\entities">
      <UniqueIdentifier>{1054404e-556e-4d93-abdd-d9359538a00b}</UniqueIdentifier>
    </Filter>
  </ItemGroup>
  <ItemGroup>
    <ClInclude Include="rotex.h">
      <Filter>Header Files</Filter>
    </ClInclude>
    <ClInclude Include="rotex_loader.h">
      <Filter>Header Files\utility</Filter>
    </ClInclude>
    <ClInclude Include="rotex_err.h">
      <Filter>Header Files\utility</Filter>
    </ClInclude>
    <ClInclude Include="rotex_texture.h">
      <Filter>Header Files\resources</Filter>
    </ClInclude>
    <ClInclude Include="rotex_color.h">
      <Filter>Header Files\resources</Filter>
    </ClInclude>
    <ClInclude Include="rotex_display.h">
      <Filter>Header Files\display</Filter>
    </ClInclude>
    <ClInclude Include="rotex_render.h">
      <Filter>Header Files\display</Filter>
    </ClInclude>
    <ClInclude Include="rotex_entity.h">
      <Filter>Header Files\entities</Filter>
    </ClInclude>
    <ClInclude Include="rotex_vec.h">
      <Filter>Header Files\utility\maths</Filter>
    </ClInclude>
    <ClInclude Include="rotex_defs.h">
      <Filter>Header Files</Filter>
    </ClInclude>
    <ClInclude Include="rotex_entity_ev.h">
      <Filter>Header Files\entities</Filter>
    </ClInclude>
    <ClInclude Include="rotex_event_handler.h">
      <Filter>Header Files\utility</Filter>
    </ClInclude>
    <ClInclude Include="rotex_grid_map.h">
      <Filter>Header Files</Filter>
    </ClInclude>
  </ItemGroup>
  <ItemGroup>
    <ClCompile Include="rotex.cpp">
      <Filter>Source Files</Filter>
    </ClCompile>
    <ClCompile Include="rotex_display.cpp">
      <Filter>Source Files\display</Filter>
    </ClCompile>
    <ClCompile Include="rotex_render.cpp">
      <Filter>Source Files\display</Filter>
    </ClCompile>
    <ClCompile Include="rotex_color.cpp">
      <Filter>Source Files\resources</Filter>
    </ClCompile>
    <ClCompile Include="rotex_texture.cpp">
      <Filter>Source Files\resources</Filter>
    </ClCompile>
    <ClCompile Include="rotex_err.cpp">
      <Filter>Source Files\utility</Filter>
    </ClCompile>
    <ClCompile Include="rotex_loader.cpp">
      <Filter>Source Files\utility</Filter>
    </ClCompile>
    <ClCompile Include="rotex_entity.cpp">
      <Filter>Source Files\entities</Filter>
    </ClCompile>
    <ClCompile Include="rotex_entity_ev.cpp">
      <Filter>Source Files\entities</Filter>
    </ClCompile>
    <ClCompile Include="rotex_grid_map.cpp">
      <Filter>Source Files</Filter>
    </ClCompile>
    <ClCompile Include="rotex_event_handler.cpp">
      <Filter>Source Files\utility</Filter>
    </ClCompile>
  </ItemGroup>
</Project>